
Microsoft Visual Studio Solution File, Format Version 12.00
# Visual Studio 15
VisualStudioVersion = 15.0.27703.2035
MinimumVisualStudioVersion = 10.0.40219.1
Project("{9A19103F-16F7-4668-BE54-9A1E7A4F7556}") = "CheckEMCServer", "CheckEMCServer\CheckEMCServer.csproj", "{394811E0-3633-44A7-A126-1EF3A337B0F2}"
EndProject
Project("{9A19103F-16F7-4668-BE54-9A1E7A4F7556}") = "EmployeeDataScheduledUpdate", "EmployeeDataScheduledUpdate\EmployeeDataScheduledUpdate.csproj", "{1B6D8F1B-4265-4BF8-AD5A-7A10577A00A8}"
EndProject
Project("{FAE04EC0-301F-11D3-BF4B-00C04F79EFBC}") = "EZ.WebAPI", "EZ.WebAPI\EZ.WebAPI.csproj", "{FBDB973F-9F3D-431A-B5CF-4502FBBCB89A}"
EndProject
Project("{FAE04EC0-301F-11D3-BF4B-00C04F79EFBC}") = "EZ.API", "EZ.API\EZ.API.csproj", "{A2C60775-BFAC-417E-9FD4-1CC466980B5B}"
EndProject
Global
	GlobalSection(SolutionConfigurationPlatforms) = preSolution
		Debug|Any CPU = Debug|Any CPU
		Release|Any CPU = Release|Any CPU
	EndGlobalSection
	GlobalSection(ProjectConfigurationPlatforms) = postSolution
		{394811E0-3633-44A7-A126-1EF3A337B0F2}.Debug|Any CPU.ActiveCfg = Debug|Any CPU
		{394811E0-3633-44A7-A126-1EF3A337B0F2}.Debug|Any CPU.Build.0 = Debug|Any CPU
		{394811E0-3633-44A7-A126-1EF3A337B0F2}.Release|Any CPU.ActiveCfg = Release|Any CPU
		{394811E0-3633-44A7-A126-1EF3A337B0F2}.Release|Any CPU.Build.0 = Release|Any CPU
		{1B6D8F1B-4265-4BF8-AD5A-7A10577A00A8}.Debug|Any CPU.ActiveCfg = Debug|Any CPU
		{1B6D8F1B-4265-4BF8-AD5A-7A10577A00A8}.Debug|Any CPU.Build.0 = Debug|Any CPU
		{1B6D8F1B-4265-4BF8-AD5A-7A10577A00A8}.Release|Any CPU.ActiveCfg = Release|Any CPU
		{1B6D8F1B-4265-4BF8-AD5A-7A10577A00A8}.Release|Any CPU.Build.0 = Release|Any CPU
		{FBDB973F-9F3D-431A-B5CF-4502FBBCB89A}.Debug|Any CPU.ActiveCfg = Debug|Any CPU
		{FBDB973F-9F3D-431A-B5CF-4502FBBCB89A}.Debug|Any CPU.Build.0 = Debug|Any CPU
		{FBDB973F-9F3D-431A-B5CF-4502FBBCB89A}.Release|Any CPU.ActiveCfg = Release|Any CPU
		{FBDB973F-9F3D-431A-B5CF-4502FBBCB89A}.Release|Any CPU.Build.0 = Release|Any CPU
		{A2C60775-BFAC-417E-9FD4-1CC466980B5B}.Debug|Any CPU.ActiveCfg = Debug|Any CPU
		{A2C60775-BFAC-417E-9FD4-1CC466980B5B}.Debug|Any CPU.Build.0 = Debug|Any CPU
		{A2C60775-BFAC-417E-9FD4-1CC466980B5B}.Release|Any CPU.ActiveCfg = Release|Any CPU
		{A2C60775-BFAC-417E-9FD4-1CC466980B5B}.Release|Any CPU.Build.0 = Release|Any CPU
	EndGlobalSection
	GlobalSection(SolutionProperties) = preSolution
		HideSolutionNode = FALSE
	EndGlobalSection
	GlobalSection(ExtensibilityGlobals) = postSolution
		SolutionGuid = {86E62481-6209-4D09-962F-C9611ECD9C54}
	EndGlobalSection
EndGlobal
